
Microsoft Visual Studio Solution File, Format Version 12.00
# Visual Studio Version 16
VisualStudioVersion = 16.0.31402.337
MinimumVisualStudioVersion = 10.0.40219.1
Project("{FAE04EC0-301F-11D3-BF4B-00C04F79EFBC}") = "CoffeeMaker", "CoffeeMaker\CoffeeMaker.csproj", "{07A29983-B897-4C2B-9F29-F0CAC0F5BB0B}"
EndProject
Project("{FAE04EC0-301F-11D3-BF4B-00C04F79EFBC}") = "CoffeeMaker.UnitTests", "UnitTests\CoffeeMaker.UnitTests.csproj", "{1E823A85-E073-4E6E-B0AF-583F07010A63}"
EndProject
Project("{FAE04EC0-301F-11D3-BF4B-00C04F79EFBC}") = "MakeCoffee", "MakeCoffee\MakeCoffee.csproj", "{4D4BAE01-E1D0-426D-85DF-93F2C10A3227}"
EndProject
Global
	GlobalSection(SolutionConfigurationPlatforms) = preSolution
		Debug|Any CPU = Debug|Any CPU
		Release|Any CPU = Release|Any CPU
	EndGlobalSection
	GlobalSection(ProjectConfigurationPlatforms) = postSolution
		{07A29983-B897-4C2B-9F29-F0CAC0F5BB0B}.Debug|Any CPU.ActiveCfg = Debug|Any CPU
		{07A29983-B897-4C2B-9F29-F0CAC0F5BB0B}.Debug|Any CPU.Build.0 = Debug|Any CPU
		{07A29983-B897-4C2B-9F29-F0CAC0F5BB0B}.Release|Any CPU.ActiveCfg = Release|Any CPU
		{07A29983-B897-4C2B-9F29-F0CAC0F5BB0B}.Release|Any CPU.Build.0 = Release|Any CPU
		{1E823A85-E073-4E6E-B0AF-583F07010A63}.Debug|Any CPU.ActiveCfg = Debug|Any CPU
		{1E823A85-E073-4E6E-B0AF-583F07010A63}.Debug|Any CPU.Build.0 = Debug|Any CPU
		{1E823A85-E073-4E6E-B0AF-583F07010A63}.Release|Any CPU.ActiveCfg = Release|Any CPU
		{1E823A85-E073-4E6E-B0AF-583F07010A63}.Release|Any CPU.Build.0 = Release|Any CPU
		{4D4BAE01-E1D0-426D-85DF-93F2C10A3227}.Debug|Any CPU.ActiveCfg = Debug|Any CPU
		{4D4BAE01-E1D0-426D-85DF-93F2C10A3227}.Debug|Any CPU.Build.0 = Debug|Any CPU
		{4D4BAE01-E1D0-426D-85DF-93F2C10A3227}.Release|Any CPU.ActiveCfg = Release|Any CPU
		{4D4BAE01-E1D0-426D-85DF-93F2C10A3227}.Release|Any CPU.Build.0 = Release|Any CPU
	EndGlobalSection
	GlobalSection(SolutionProperties) = preSolution
		HideSolutionNode = FALSE
	EndGlobalSection
	GlobalSection(ExtensibilityGlobals) = postSolution
		SolutionGuid = {B506B617-AA9B-4A6B-B709-60E72AC3E8E5}
	EndGlobalSection
EndGlobal
